
Microsoft Visual Studio Solution File, Format Version 12.00
# Visual Studio 2013
VisualStudioVersion = 12.0.31101.0
MinimumVisualStudioVersion = 10.0.40219.1
Project("{FAE04EC0-301F-11D3-BF4B-00C04F79EFBC}") = "RxTabNavTest", "RxTabNavTest\RxTabNavTest\RxTabNavTest.csproj", "{1EF503A7-1C46-4D10-9D5C-26E61C1596B6}"
EndProject
Project("{FAE04EC0-301F-11D3-BF4B-00C04F79EFBC}") = "RxTabNavTest.iOS", "RxTabNavTest\RxTabNavTest.iOS\RxTabNavTest.iOS.csproj", "{0E73C865-27B4-4760-8FED-5599C45FCA3B}"
EndProject
Project("{FAE04EC0-301F-11D3-BF4B-00C04F79EFBC}") = "RxTabNavTest.Android", "RxTabNavTest\RxTabNavTest.Android\RxTabNavTest.Android.csproj", "{91684F1C-B444-4B7E-AFFC-3C56E8F82CCF}"
EndProject
Project("{FAE04EC0-301F-11D3-BF4B-00C04F79EFBC}") = "RxTabNavTest.WinPhone", "RxTabNavTest\RxTabNavTest.WinPhone\RxTabNavTest.WinPhone.csproj", "{AEFD1BC0-0768-4F3B-8C2E-35471CC58E75}"
EndProject
Global
	GlobalSection(SolutionConfigurationPlatforms) = preSolution
		Ad-Hoc|Any CPU = Ad-Hoc|Any CPU
		Ad-Hoc|ARM = Ad-Hoc|ARM
		Ad-Hoc|iPhone = Ad-Hoc|iPhone
		Ad-Hoc|iPhoneSimulator = Ad-Hoc|iPhoneSimulator
		Ad-Hoc|Mixed Platforms = Ad-Hoc|Mixed Platforms
		Ad-Hoc|x86 = Ad-Hoc|x86
		AppStore|Any CPU = AppStore|Any CPU
		AppStore|ARM = AppStore|ARM
		AppStore|iPhone = AppStore|iPhone
		AppStore|iPhoneSimulator = AppStore|iPhoneSimulator
		AppStore|Mixed Platforms = AppStore|Mixed Platforms
		AppStore|x86 = AppStore|x86
		Debug|Any CPU = Debug|Any CPU
		Debug|ARM = Debug|ARM
		Debug|iPhone = Debug|iPhone
		Debug|iPhoneSimulator = Debug|iPhoneSimulator
		Debug|Mixed Platforms = Debug|Mixed Platforms
		Debug|x86 = Debug|x86
		Release|Any CPU = Release|Any CPU
		Release|ARM = Release|ARM
		Release|iPhone = Release|iPhone
		Release|iPhoneSimulator = Release|iPhoneSimulator
		Release|Mixed Platforms = Release|Mixed Platforms
		Release|x86 = Release|x86
	EndGlobalSection
	GlobalSection(ProjectConfigurationPlatforms) = postSolution
		{1EF503A7-1C46-4D10-9D5C-26E61C1596B6}.Ad-Hoc|Any CPU.ActiveCfg = Release|Any CPU
		{1EF503A7-1C46-4D10-9D5C-26E61C1596B6}.Ad-Hoc|Any CPU.Build.0 = Release|Any CPU
		{1EF503A7-1C46-4D10-9D5C-26E61C1596B6}.Ad-Hoc|ARM.ActiveCfg = Release|Any CPU
		{1EF503A7-1C46-4D10-9D5C-26E61C1596B6}.Ad-Hoc|iPhone.ActiveCfg = Release|Any CPU
		{1EF503A7-1C46-4D10-9D5C-26E61C1596B6}.Ad-Hoc|iPhoneSimulator.ActiveCfg = Release|Any CPU
		{1EF503A7-1C46-4D10-9D5C-26E61C1596B6}.Ad-Hoc|Mixed Platforms.ActiveCfg = Release|Any CPU
		{1EF503A7-1C46-4D10-9D5C-26E61C1596B6}.Ad-Hoc|Mixed Platforms.Build.0 = Release|Any CPU
		{1EF503A7-1C46-4D10-9D5C-26E61C1596B6}.Ad-Hoc|x86.ActiveCfg = Release|Any CPU
		{1EF503A7-1C46-4D10-9D5C-26E61C1596B6}.AppStore|Any CPU.ActiveCfg = Release|Any CPU
		{1EF503A7-1C46-4D10-9D5C-26E61C1596B6}.AppStore|Any CPU.Build.0 = Release|Any CPU
		{1EF503A7-1C46-4D10-9D5C-26E61C1596B6}.AppStore|ARM.ActiveCfg = Release|Any CPU
		{1EF503A7-1C46-4D10-9D5C-26E61C1596B6}.AppStore|iPhone.ActiveCfg = Release|Any CPU
		{1EF503A7-1C46-4D10-9D5C-26E61C1596B6}.AppStore|iPhoneSimulator.ActiveCfg = Release|Any CPU
		{1EF503A7-1C46-4D10-9D5C-26E61C1596B6}.AppStore|Mixed Platforms.ActiveCfg = Release|Any CPU
		{1EF503A7-1C46-4D10-9D5C-26E61C1596B6}.AppStore|Mixed Platforms.Build.0 = Release|Any CPU
		{1EF503A7-1C46-4D10-9D5C-26E61C1596B6}.AppStore|x86.ActiveCfg = Release|Any CPU
		{1EF503A7-1C46-4D10-9D5C-26E61C1596B6}.Debug|Any CPU.ActiveCfg = Debug|Any CPU
		{1EF503A7-1C46-4D10-9D5C-26E61C1596B6}.Debug|Any CPU.Build.0 = Debug|Any CPU
		{1EF503A7-1C46-4D10-9D5C-26E61C1596B6}.Debug|ARM.ActiveCfg = Debug|Any CPU
		{1EF503A7-1C46-4D10-9D5C-26E61C1596B6}.Debug|iPhone.ActiveCfg = Debug|Any CPU
		{1EF503A7-1C46-4D10-9D5C-26E61C1596B6}.Debug|iPhoneSimulator.ActiveCfg = Debug|Any CPU
		{1EF503A7-1C46-4D10-9D5C-26E61C1596B6}.Debug|Mixed Platforms.ActiveCfg = Debug|Any CPU
		{1EF503A7-1C46-4D10-9D5C-26E61C1596B6}.Debug|Mixed Platforms.Build.0 = Debug|Any CPU
		{1EF503A7-1C46-4D10-9D5C-26E61C1596B6}.Debug|x86.ActiveCfg = Debug|Any CPU
		{1EF503A7-1C46-4D10-9D5C-26E61C1596B6}.Release|Any CPU.ActiveCfg = Release|Any CPU
		{1EF503A7-1C46-4D10-9D5C-26E61C1596B6}.Release|Any CPU.Build.0 = Release|Any CPU
		{1EF503A7-1C46-4D10-9D5C-26E61C1596B6}.Release|ARM.ActiveCfg = Release|Any CPU
		{1EF503A7-1C46-4D10-9D5C-26E61C1596B6}.Release|iPhone.ActiveCfg = Release|Any CPU
		{1EF503A7-1C46-4D10-9D5C-26E61C1596B6}.Release|iPhoneSimulator.ActiveCfg = Release|Any CPU
		{1EF503A7-1C46-4D10-9D5C-26E61C1596B6}.Release|Mixed Platforms.ActiveCfg = Release|Any CPU
		{1EF503A7-1C46-4D10-9D5C-26E61C1596B6}.Release|Mixed Platforms.Build.0 = Release|Any CPU
		{1EF503A7-1C46-4D10-9D5C-26E61C1596B6}.Release|x86.ActiveCfg = Release|Any CPU
		{0E73C865-27B4-4760-8FED-5599C45FCA3B}.Ad-Hoc|Any CPU.ActiveCfg = Ad-Hoc|iPhone
		{0E73C865-27B4-4760-8FED-5599C45FCA3B}.Ad-Hoc|ARM.ActiveCfg = Ad-Hoc|iPhone
		{0E73C865-27B4-4760-8FED-5599C45FCA3B}.Ad-Hoc|iPhone.ActiveCfg = Ad-Hoc|iPhone
		{0E73C865-27B4-4760-8FED-5599C45FCA3B}.Ad-Hoc|iPhone.Build.0 = Ad-Hoc|iPhone
		{0E73C865-27B4-4760-8FED-5599C45FCA3B}.Ad-Hoc|iPhoneSimulator.ActiveCfg = Ad-Hoc|iPhoneSimulator
		{0E73C865-27B4-4760-8FED-5599C45FCA3B}.Ad-Hoc|iPhoneSimulator.Build.0 = Ad-Hoc|iPhoneSimulator
		{0E73C865-27B4-4760-8FED-5599C45FCA3B}.Ad-Hoc|Mixed Platforms.ActiveCfg = Ad-Hoc|iPhone
		{0E73C865-27B4-4760-8FED-5599C45FCA3B}.Ad-Hoc|Mixed Platforms.Build.0 = Ad-Hoc|iPhone
		{0E73C865-27B4-4760-8FED-5599C45FCA3B}.Ad-Hoc|x86.ActiveCfg = Ad-Hoc|iPhone
		{0E73C865-27B4-4760-8FED-5599C45FCA3B}.AppStore|Any CPU.ActiveCfg = AppStore|iPhone
		{0E73C865-27B4-4760-8FED-5599C45FCA3B}.AppStore|ARM.ActiveCfg = AppStore|iPhone
		{0E73C865-27B4-4760-8FED-5599C45FCA3B}.AppStore|iPhone.ActiveCfg = AppStore|iPhone
		{0E73C865-27B4-4760-8FED-5599C45FCA3B}.AppStore|iPhone.Build.0 = AppStore|iPhone
		{0E73C865-27B4-4760-8FED-5599C45FCA3B}.AppStore|iPhoneSimulator.ActiveCfg = AppStore|iPhoneSimulator
		{0E73C865-27B4-4760-8FED-5599C45FCA3B}.AppStore|iPhoneSimulator.Build.0 = AppStore|iPhoneSimulator
		{0E73C865-27B4-4760-8FED-5599C45FCA3B}.AppStore|Mixed Platforms.ActiveCfg = AppStore|iPhone
		{0E73C865-27B4-4760-8FED-5599C45FCA3B}.AppStore|Mixed Platforms.Build.0 = AppStore|iPhone
		{0E73C865-27B4-4760-8FED-5599C45FCA3B}.AppStore|x86.ActiveCfg = AppStore|iPhone
		{0E73C865-27B4-4760-8FED-5599C45FCA3B}.Debug|Any CPU.ActiveCfg = Debug|iPhone
		{0E73C865-27B4-4760-8FED-5599C45FCA3B}.Debug|ARM.ActiveCfg = Debug|iPhone
		{0E73C865-27B4-4760-8FED-5599C45FCA3B}.Debug|iPhone.ActiveCfg = Debug|iPhone
		{0E73C865-27B4-4760-8FED-5599C45FCA3B}.Debug|iPhone.Build.0 = Debug|iPhone
		{0E73C865-27B4-4760-8FED-5599C45FCA3B}.Debug|iPhoneSimulator.ActiveCfg = Debug|iPhoneSimulator
		{0E73C865-27B4-4760-8FED-5599C45FCA3B}.Debug|iPhoneSimulator.Build.0 = Debug|iPhoneSimulator
		{0E73C865-27B4-4760-8FED-5599C45FCA3B}.Debug|Mixed Platforms.ActiveCfg = Debug|iPhone
		{0E73C865-27B4-4760-8FED-5599C45FCA3B}.Debug|Mixed Platforms.Build.0 = Debug|iPhone
		{0E73C865-27B4-4760-8FED-5599C45FCA3B}.Debug|x86.ActiveCfg = Debug|iPhone
		{0E73C865-27B4-4760-8FED-5599C45FCA3B}.Release|Any CPU.ActiveCfg = Release|iPhone
		{0E73C865-27B4-4760-8FED-5599C45FCA3B}.Release|ARM.ActiveCfg = Release|iPhone
		{0E73C865-27B4-4760-8FED-5599C45FCA3B}.Release|iPhone.ActiveCfg = Release|iPhone
		{0E73C865-27B4-4760-8FED-5599C45FCA3B}.Release|iPhone.Build.0 = Release|iPhone
		{0E73C865-27B4-4760-8FED-5599C45FCA3B}.Release|iPhoneSimulator.ActiveCfg = Release|iPhoneSimulator
		{0E73C865-27B4-4760-8FED-5599C45FCA3B}.Release|iPhoneSimulator.Build.0 = Release|iPhoneSimulator
		{0E73C865-27B4-4760-8FED-5599C45FCA3B}.Release|Mixed Platforms.ActiveCfg = Release|iPhone
		{0E73C865-27B4-4760-8FED-5599C45FCA3B}.Release|Mixed Platforms.Build.0 = Release|iPhone
		{0E73C865-27B4-4760-8FED-5599C45FCA3B}.Release|x86.ActiveCfg = Release|iPhone
		{91684F1C-B444-4B7E-AFFC-3C56E8F82CCF}.Ad-Hoc|Any CPU.ActiveCfg = Release|Any CPU
		{91684F1C-B444-4B7E-AFFC-3C56E8F82CCF}.Ad-Hoc|Any CPU.Build.0 = Release|Any CPU
		{91684F1C-B444-4B7E-AFFC-3C56E8F82CCF}.Ad-Hoc|Any CPU.Deploy.0 = Release|Any CPU
		{91684F1C-B444-4B7E-AFFC-3C56E8F82CCF}.Ad-Hoc|ARM.ActiveCfg = Release|Any CPU
		{91684F1C-B444-4B7E-AFFC-3C56E8F82CCF}.Ad-Hoc|iPhone.ActiveCfg = Release|Any CPU
		{91684F1C-B444-4B7E-AFFC-3C56E8F82CCF}.Ad-Hoc|iPhoneSimulator.ActiveCfg = Release|Any CPU
		{91684F1C-B444-4B7E-AFFC-3C56E8F82CCF}.Ad-Hoc|Mixed Platforms.ActiveCfg = Release|Any CPU
		{91684F1C-B444-4B7E-AFFC-3C56E8F82CCF}.Ad-Hoc|Mixed Platforms.Build.0 = Release|Any CPU
		{91684F1C-B444-4B7E-AFFC-3C56E8F82CCF}.Ad-Hoc|Mixed Platforms.Deploy.0 = Release|Any CPU
		{91684F1C-B444-4B7E-AFFC-3C56E8F82CCF}.Ad-Hoc|x86.ActiveCfg = Release|Any CPU
		{91684F1C-B444-4B7E-AFFC-3C56E8F82CCF}.AppStore|Any CPU.ActiveCfg = Release|Any CPU
		{91684F1C-B444-4B7E-AFFC-3C56E8F82CCF}.AppStore|Any CPU.Build.0 = Release|Any CPU
		{91684F1C-B444-4B7E-AFFC-3C56E8F82CCF}.AppStore|Any CPU.Deploy.0 = Release|Any CPU
		{91684F1C-B444-4B7E-AFFC-3C56E8F82CCF}.AppStore|ARM.ActiveCfg = Release|Any CPU
		{91684F1C-B444-4B7E-AFFC-3C56E8F82CCF}.AppStore|iPhone.ActiveCfg = Release|Any CPU
		{91684F1C-B444-4B7E-AFFC-3C56E8F82CCF}.AppStore|iPhoneSimulator.ActiveCfg = Release|Any CPU
		{91684F1C-B444-4B7E-AFFC-3C56E8F82CCF}.AppStore|Mixed Platforms.ActiveCfg = Release|Any CPU
		{91684F1C-B444-4B7E-AFFC-3C56E8F82CCF}.AppStore|Mixed Platforms.Build.0 = Release|Any CPU
		{91684F1C-B444-4B7E-AFFC-3C56E8F82CCF}.AppStore|Mixed Platforms.Deploy.0 = Release|Any CPU
		{91684F1C-B444-4B7E-AFFC-3C56E8F82CCF}.AppStore|x86.ActiveCfg = Release|Any CPU
		{91684F1C-B444-4B7E-AFFC-3C56E8F82CCF}.Debug|Any CPU.ActiveCfg = Debug|Any CPU
		{91684F1C-B444-4B7E-AFFC-3C56E8F82CCF}.Debug|Any CPU.Build.0 = Debug|Any CPU
		{91684F1C-B444-4B7E-AFFC-3C56E8F82CCF}.Debug|Any CPU.Deploy.0 = Debug|Any CPU
		{91684F1C-B444-4B7E-AFFC-3C56E8F82CCF}.Debug|ARM.ActiveCfg = Debug|Any CPU
		{91684F1C-B444-4B7E-AFFC-3C56E8F82CCF}.Debug|iPhone.ActiveCfg = Debug|Any CPU
		{91684F1C-B444-4B7E-AFFC-3C56E8F82CCF}.Debug|iPhoneSimulator.ActiveCfg = Debug|Any CPU
		{91684F1C-B444-4B7E-AFFC-3C56E8F82CCF}.Debug|Mixed Platforms.ActiveCfg = Debug|Any CPU
		{91684F1C-B444-4B7E-AFFC-3C56E8F82CCF}.Debug|Mixed Platforms.Build.0 = Debug|Any CPU
		{91684F1C-B444-4B7E-AFFC-3C56E8F82CCF}.Debug|Mixed Platforms.Deploy.0 = Debug|Any CPU
		{91684F1C-B444-4B7E-AFFC-3C56E8F82CCF}.Debug|x86.ActiveCfg = Debug|Any CPU
		{91684F1C-B444-4B7E-AFFC-3C56E8F82CCF}.Release|Any CPU.ActiveCfg = Release|Any CPU
		{91684F1C-B444-4B7E-AFFC-3C56E8F82CCF}.Release|Any CPU.Build.0 = Release|Any CPU
		{91684F1C-B444-4B7E-AFFC-3C56E8F82CCF}.Release|Any CPU.Deploy.0 = Release|Any CPU
		{91684F1C-B444-4B7E-AFFC-3C56E8F82CCF}.Release|ARM.ActiveCfg = Release|Any CPU
		{91684F1C-B444-4B7E-AFFC-3C56E8F82CCF}.Release|iPhone.ActiveCfg = Release|Any CPU
		{91684F1C-B444-4B7E-AFFC-3C56E8F82CCF}.Release|iPhoneSimulator.ActiveCfg = Release|Any CPU
		{91684F1C-B444-4B7E-AFFC-3C56E8F82CCF}.Release|Mixed Platforms.ActiveCfg = Release|Any CPU
		{91684F1C-B444-4B7E-AFFC-3C56E8F82CCF}.Release|Mixed Platforms.Build.0 = Release|Any CPU
		{91684F1C-B444-4B7E-AFFC-3C56E8F82CCF}.Release|Mixed Platforms.Deploy.0 = Release|Any CPU
		{91684F1C-B444-4B7E-AFFC-3C56E8F82CCF}.Release|x86.ActiveCfg = Release|Any CPU
		{AEFD1BC0-0768-4F3B-8C2E-35471CC58E75}.Ad-Hoc|Any CPU.ActiveCfg = Release|Any CPU
		{AEFD1BC0-0768-4F3B-8C2E-35471CC58E75}.Ad-Hoc|Any CPU.Build.0 = Release|Any CPU
		{AEFD1BC0-0768-4F3B-8C2E-35471CC58E75}.Ad-Hoc|Any CPU.Deploy.0 = Release|Any CPU
		{AEFD1BC0-0768-4F3B-8C2E-35471CC58E75}.Ad-Hoc|ARM.ActiveCfg = Release|ARM
		{AEFD1BC0-0768-4F3B-8C2E-35471CC58E75}.Ad-Hoc|ARM.Build.0 = Release|ARM
		{AEFD1BC0-0768-4F3B-8C2E-35471CC58E75}.Ad-Hoc|ARM.Deploy.0 = Release|ARM
		{AEFD1BC0-0768-4F3B-8C2E-35471CC58E75}.Ad-Hoc|iPhone.ActiveCfg = Release|Any CPU
		{AEFD1BC0-0768-4F3B-8C2E-35471CC58E75}.Ad-Hoc|iPhoneSimulator.ActiveCfg = Release|Any CPU
		{AEFD1BC0-0768-4F3B-8C2E-35471CC58E75}.Ad-Hoc|Mixed Platforms.ActiveCfg = Release|x86
		{AEFD1BC0-0768-4F3B-8C2E-35471CC58E75}.Ad-Hoc|Mixed Platforms.Build.0 = Release|x86
		{AEFD1BC0-0768-4F3B-8C2E-35471CC58E75}.Ad-Hoc|Mixed Platforms.Deploy.0 = Release|x86
		{AEFD1BC0-0768-4F3B-8C2E-35471CC58E75}.Ad-Hoc|x86.ActiveCfg = Release|x86
		{AEFD1BC0-0768-4F3B-8C2E-35471CC58E75}.Ad-Hoc|x86.Build.0 = Release|x86
		{AEFD1BC0-0768-4F3B-8C2E-35471CC58E75}.Ad-Hoc|x86.Deploy.0 = Release|x86
		{AEFD1BC0-0768-4F3B-8C2E-35471CC58E75}.AppStore|Any CPU.ActiveCfg = Release|Any CPU
		{AEFD1BC0-0768-4F3B-8C2E-35471CC58E75}.AppStore|Any CPU.Build.0 = Release|Any CPU
		{AEFD1BC0-0768-4F3B-8C2E-35471CC58E75}.AppStore|Any CPU.Deploy.0 = Release|Any CPU
		{AEFD1BC0-0768-4F3B-8C2E-35471CC58E75}.AppStore|ARM.ActiveCfg = Release|ARM
		{AEFD1BC0-0768-4F3B-8C2E-35471CC58E75}.AppStore|ARM.Build.0 = Release|ARM
		{AEFD1BC0-0768-4F3B-8C2E-35471CC58E75}.AppStore|ARM.Deploy.0 = Release|ARM
		{AEFD1BC0-0768-4F3B-8C2E-35471CC58E75}.AppStore|iPhone.ActiveCfg = Release|Any CPU
		{AEFD1BC0-0768-4F3B-8C2E-35471CC58E75}.AppStore|iPhoneSimulator.ActiveCfg = Release|Any CPU
		{AEFD1BC0-0768-4F3B-8C2E-35471CC58E75}.AppStore|Mixed Platforms.ActiveCfg = Release|x86
		{AEFD1BC0-0768-4F3B-8C2E-35471CC58E75}.AppStore|Mixed Platforms.Build.0 = Release|x86
		{AEFD1BC0-0768-4F3B-8C2E-35471CC58E75}.AppStore|Mixed Platforms.Deploy.0 = Release|x86
		{AEFD1BC0-0768-4F3B-8C2E-35471CC58E75}.AppStore|x86.ActiveCfg = Release|x86
		{AEFD1BC0-0768-4F3B-8C2E-35471CC58E75}.AppStore|x86.Build.0 = Release|x86
		{AEFD1BC0-0768-4F3B-8C2E-35471CC58E75}.AppStore|x86.Deploy.0 = Release|x86
		{AEFD1BC0-0768-4F3B-8C2E-35471CC58E75}.Debug|Any CPU.ActiveCfg = Debug|Any CPU
		{AEFD1BC0-0768-4F3B-8C2E-35471CC58E75}.Debug|Any CPU.Build.0 = Debug|Any CPU
		{AEFD1BC0-0768-4F3B-8C2E-35471CC58E75}.Debug|Any CPU.Deploy.0 = Debug|Any CPU
		{AEFD1BC0-0768-4F3B-8C2E-35471CC58E75}.Debug|ARM.ActiveCfg = Debug|ARM
		{AEFD1BC0-0768-4F3B-8C2E-35471CC58E75}.Debug|ARM.Build.0 = Debug|ARM
		{AEFD1BC0-0768-4F3B-8C2E-35471CC58E75}.Debug|ARM.Deploy.0 = Debug|ARM
		{AEFD1BC0-0768-4F3B-8C2E-35471CC58E75}.Debug|iPhone.ActiveCfg = Debug|Any CPU
		{AEFD1BC0-0768-4F3B-8C2E-35471CC58E75}.Debug|iPhoneSimulator.ActiveCfg = Debug|Any CPU
		{AEFD1BC0-0768-4F3B-8C2E-35471CC58E75}.Debug|Mixed Platforms.ActiveCfg = Debug|x86
		{AEFD1BC0-0768-4F3B-8C2E-35471CC58E75}.Debug|Mixed Platforms.Build.0 = Debug|x86
		{AEFD1BC0-0768-4F3B-8C2E-35471CC58E75}.Debug|Mixed Platforms.Deploy.0 = Debug|x86
		{AEFD1BC0-0768-4F3B-8C2E-35471CC58E75}.Debug|x86.ActiveCfg = Debug|x86
		{AEFD1BC0-0768-4F3B-8C2E-35471CC58E75}.Debug|x86.Build.0 = Debug|x86
		{AEFD1BC0-0768-4F3B-8C2E-35471CC58E75}.Debug|x86.Deploy.0 = Debug|x86
		{AEFD1BC0-0768-4F3B-8C2E-35471CC58E75}.Release|Any CPU.ActiveCfg = Release|Any CPU
		{AEFD1BC0-0768-4F3B-8C2E-35471CC58E75}.Release|Any CPU.Build.0 = Release|Any CPU
		{AEFD1BC0-0768-4F3B-8C2E-35471CC58E75}.Release|Any CPU.Deploy.0 = Release|Any CPU
		{AEFD1BC0-0768-4F3B-8C2E-35471CC58E75}.Release|ARM.ActiveCfg = Release|ARM
		{AEFD1BC0-0768-4F3B-8C2E-35471CC58E75}.Release|ARM.Build.0 = Release|ARM
		{AEFD1BC0-0768-4F3B-8C2E-35471CC58E75}.Release|ARM.Deploy.0 = Release|ARM
		{AEFD1BC0-0768-4F3B-8C2E-35471CC58E75}.Release|iPhone.ActiveCfg = Release|Any CPU
		{AEFD1BC0-0768-4F3B-8C2E-35471CC58E75}.Release|iPhoneSimulator.ActiveCfg = Release|Any CPU
		{AEFD1BC0-0768-4F3B-8C2E-35471CC58E75}.Release|Mixed Platforms.ActiveCfg = Release|x86
		{AEFD1BC0-0768-4F3B-8C2E-35471CC58E75}.Release|Mixed Platforms.Build.0 = Release|x86
		{AEFD1BC0-0768-4F3B-8C2E-35471CC58E75}.Release|Mixed Platforms.Deploy.0 = Release|x86
		{AEFD1BC0-0768-4F3B-8C2E-35471CC58E75}.Release|x86.ActiveCfg = Release|x86
		{AEFD1BC0-0768-4F3B-8C2E-35471CC58E75}.Release|x86.Build.0 = Release|x86
		{AEFD1BC0-0768-4F3B-8C2E-35471CC58E75}.Release|x86.Deploy.0 = Release|x86
	EndGlobalSection
	GlobalSection(SolutionProperties) = preSolution
		HideSolutionNode = FALSE
	EndGlobalSection
EndGlobal
